
Microsoft Visual Studio Solution File, Format Version 12.00
# Visual Studio Version 16
VisualStudioVersion = 16.0.31911.196
MinimumVisualStudioVersion = 10.0.40219.1
Project("{9A19103F-16F7-4668-BE54-9A1E7A4F7556}") = "Loushop", "Loushop\Loushop.csproj", "{06510039-7012-47C5-954E-2D409E404F1E}"
EndProject
Global
	GlobalSection(SolutionConfigurationPlatforms) = preSolution
		Debug|Any CPU = Debug|Any CPU
		Release|Any CPU = Release|Any CPU
	EndGlobalSection
	GlobalSection(ProjectConfigurationPlatforms) = postSolution
		{06510039-7012-47C5-954E-2D409E404F1E}.Debug|Any CPU.ActiveCfg = Debug|Any CPU
		{06510039-7012-47C5-954E-2D409E404F1E}.Debug|Any CPU.Build.0 = Debug|Any CPU
		{06510039-7012-47C5-954E-2D409E404F1E}.Release|Any CPU.ActiveCfg = Release|Any CPU
		{06510039-7012-47C5-954E-2D409E404F1E}.Release|Any CPU.Build.0 = Release|Any CPU
	EndGlobalSection
	GlobalSection(SolutionProperties) = preSolution
		HideSolutionNode = FALSE
	EndGlobalSection
	GlobalSection(ExtensibilityGlobals) = postSolution
		SolutionGuid = {34FB0D64-6510-47A5-BC57-2957EF044068}
	EndGlobalSection
EndGlobal
